
Microsoft Visual Studio Solution File, Format Version 12.00
# Visual Studio Version 17
VisualStudioVersion = 17.0.31903.59
MinimumVisualStudioVersion = 10.0.40219.1
Project("{2150E333-8FDC-42A3-9474-1A3956D46DE8}") = "0 - Core", "0 - Core", "{BCEAE6C9-402B-4E42-92C3-038A50998EB8}"
EndProject
Project("{2150E333-8FDC-42A3-9474-1A3956D46DE8}") = "1 - Services", "1 - Services", "{0AE231AD-90DB-4F8D-A9E3-6D9D66BC7E84}"
EndProject
Project("{2150E333-8FDC-42A3-9474-1A3956D46DE8}") = "2 - WebApi", "2 - WebApi", "{3BB48CC0-FE71-4BA4-8B16-BAEFA64DE45D}"
EndProject
Project("{2150E333-8FDC-42A3-9474-1A3956D46DE8}") = "3 - Tests", "3 - Tests", "{C3080BF7-C194-4F3B-9216-0442735040C6}"
EndProject
Project("{FAE04EC0-301F-11D3-BF4B-00C04F79EFBC}") = "DesafioDev.Core", "src\DesafioDev.Core\DesafioDev.Core.csproj", "{02AC72D1-D75D-4C76-9F3C-DC6BEDD11DC6}"
EndProject
Project("{2150E333-8FDC-42A3-9474-1A3956D46DE8}") = "Operacoes", "Operacoes", "{5647D926-0780-48C5-B4B6-82EE0CCAB5DE}"
EndProject
Project("{FAE04EC0-301F-11D3-BF4B-00C04F79EFBC}") = "DesafioDev.Operacoes.Domain", "src\DesafioDev.Operacoes.Domain\DesafioDev.Operacoes.Domain.csproj", "{31F4A729-5385-4CDA-AAB3-E73303460E54}"
EndProject
Project("{FAE04EC0-301F-11D3-BF4B-00C04F79EFBC}") = "DesafioDev.Operacoes.Infra", "src\DesafioDev.Operacoes.Infra\DesafioDev.Operacoes.Infra.csproj", "{94A97FF4-0FFE-4581-B1DA-0BA88B3768EA}"
EndProject
Project("{FAE04EC0-301F-11D3-BF4B-00C04F79EFBC}") = "DesafioDev.Operacoes.Applications", "src\DesafioDev.Operacoes.Applications\DesafioDev.Operacoes.Applications.csproj", "{C4B3C292-B7CA-47B4-BCD7-9AB1CA400CB5}"
EndProject
Project("{FAE04EC0-301F-11D3-BF4B-00C04F79EFBC}") = "DesafioDev.WebApi", "src\DesafioDev.WebApi\DesafioDev.WebApi.csproj", "{62ED200D-53B0-4A58-AEF4-55ACB411F83C}"
EndProject
Global
	GlobalSection(SolutionConfigurationPlatforms) = preSolution
		Debug|Any CPU = Debug|Any CPU
		Release|Any CPU = Release|Any CPU
	EndGlobalSection
	GlobalSection(ProjectConfigurationPlatforms) = postSolution
		{02AC72D1-D75D-4C76-9F3C-DC6BEDD11DC6}.Debug|Any CPU.ActiveCfg = Debug|Any CPU
		{02AC72D1-D75D-4C76-9F3C-DC6BEDD11DC6}.Debug|Any CPU.Build.0 = Debug|Any CPU
		{02AC72D1-D75D-4C76-9F3C-DC6BEDD11DC6}.Release|Any CPU.ActiveCfg = Release|Any CPU
		{02AC72D1-D75D-4C76-9F3C-DC6BEDD11DC6}.Release|Any CPU.Build.0 = Release|Any CPU
		{31F4A729-5385-4CDA-AAB3-E73303460E54}.Debug|Any CPU.ActiveCfg = Debug|Any CPU
		{31F4A729-5385-4CDA-AAB3-E73303460E54}.Debug|Any CPU.Build.0 = Debug|Any CPU
		{31F4A729-5385-4CDA-AAB3-E73303460E54}.Release|Any CPU.ActiveCfg = Release|Any CPU
		{31F4A729-5385-4CDA-AAB3-E73303460E54}.Release|Any CPU.Build.0 = Release|Any CPU
		{94A97FF4-0FFE-4581-B1DA-0BA88B3768EA}.Debug|Any CPU.ActiveCfg = Debug|Any CPU
		{94A97FF4-0FFE-4581-B1DA-0BA88B3768EA}.Debug|Any CPU.Build.0 = Debug|Any CPU
		{94A97FF4-0FFE-4581-B1DA-0BA88B3768EA}.Release|Any CPU.ActiveCfg = Release|Any CPU
		{94A97FF4-0FFE-4581-B1DA-0BA88B3768EA}.Release|Any CPU.Build.0 = Release|Any CPU
		{C4B3C292-B7CA-47B4-BCD7-9AB1CA400CB5}.Debug|Any CPU.ActiveCfg = Debug|Any CPU
		{C4B3C292-B7CA-47B4-BCD7-9AB1CA400CB5}.Debug|Any CPU.Build.0 = Debug|Any CPU
		{C4B3C292-B7CA-47B4-BCD7-9AB1CA400CB5}.Release|Any CPU.ActiveCfg = Release|Any CPU
		{C4B3C292-B7CA-47B4-BCD7-9AB1CA400CB5}.Release|Any CPU.Build.0 = Release|Any CPU
		{62ED200D-53B0-4A58-AEF4-55ACB411F83C}.Debug|Any CPU.ActiveCfg = Debug|Any CPU
		{62ED200D-53B0-4A58-AEF4-55ACB411F83C}.Debug|Any CPU.Build.0 = Debug|Any CPU
		{62ED200D-53B0-4A58-AEF4-55ACB411F83C}.Release|Any CPU.ActiveCfg = Release|Any CPU
		{62ED200D-53B0-4A58-AEF4-55ACB411F83C}.Release|Any CPU.Build.0 = Release|Any CPU
	EndGlobalSection
	GlobalSection(SolutionProperties) = preSolution
		HideSolutionNode = FALSE
	EndGlobalSection
	GlobalSection(NestedProjects) = preSolution
		{02AC72D1-D75D-4C76-9F3C-DC6BEDD11DC6} = {BCEAE6C9-402B-4E42-92C3-038A50998EB8}
		{5647D926-0780-48C5-B4B6-82EE0CCAB5DE} = {0AE231AD-90DB-4F8D-A9E3-6D9D66BC7E84}
		{31F4A729-5385-4CDA-AAB3-E73303460E54} = {5647D926-0780-48C5-B4B6-82EE0CCAB5DE}
		{94A97FF4-0FFE-4581-B1DA-0BA88B3768EA} = {5647D926-0780-48C5-B4B6-82EE0CCAB5DE}
		{C4B3C292-B7CA-47B4-BCD7-9AB1CA400CB5} = {5647D926-0780-48C5-B4B6-82EE0CCAB5DE}
		{62ED200D-53B0-4A58-AEF4-55ACB411F83C} = {3BB48CC0-FE71-4BA4-8B16-BAEFA64DE45D}
	EndGlobalSection
	GlobalSection(ExtensibilityGlobals) = postSolution
		SolutionGuid = {00496C3D-F567-44B4-ACE2-34CC9EED59B0}
	EndGlobalSection
EndGlobal
